				MARKETING_VERSION = 3.2.1;
				OTHER_CFLAGS = (
					"$(inherited)",
					"-DFB_SONARKIT_ENABLED=1",
				);
				OTHER_LDFLAGS = (
					"$(inherited)",
				LD_RUNPATH_SEARCH_PATHS = "$(inherited) @executable_path/Frameworks";
				MARKETING_VERSION = 3.2.1;
				OTHER_CFLAGS = (
					"$(inherited)",
					"-DFB_SONARKIT_ENABLED=1",
				);
				LD_RUNPATH_SEARCH_PATHS = "$(inherited) @executable_path/Frameworks";
				MARKETING_VERSION = 3.2.1;
				ONLY_ACTIVE_ARCH = NO;
				OTHER_CFLAGS = (
					"$(inherited)",
					"-DFB_SONARKIT_ENABLED=1",
				);


